{
  "name": "galajus-gta",
  "version": "1.0.0",
  "lockfileVersion": 3,
  "requires": true,
  "packages": {
    "": {
      "name": "galajus-gta",
      "version": "1.0.0",
      "devDependencies": {
        "@ragempcommunity/types-client": "^2.1.9",
        "@ragempcommunity/types-server": "^2.1.9",
        "@types/node": "^22.13.4"
      }
    },
    "node_modules/@ragempcommunity/types-client": {
      "version": "2.1.9",
      "resolved": "https://registry.npmjs.org/@ragempcommunity/types-client/-/types-client-2.1.9.tgz",
      "integrity": "sha512-D6SdgzyyuHdQyVDSPVohII6EWbwmWTmOBynVU9BcIHxvtVbr82ZmQ+YzMVlihcEiOk/nt8aeWSzcrWdXXHkgeA==",
      "dev": true,
      "license": "MIT"
    },
    "node_modules/@ragempcommunity/types-server": {
      "version": "2.1.9",
      "resolved": "https://registry.npmjs.org/@ragempcommunity/types-server/-/types-server-2.1.9.tgz",
      "integrity": "sha512-J0aDQxzGBW3l8JniyDNZl17JJFXjjy59LHeQKjNgPk3kWpW/mOuPQ1L90euZFkAx0PPGT96IA3+bHq4zarNEmA==",
      "dev": true,
      "license": "MIT"
    },
    "node_modules/@types/node": {
      "version": "22.13.4",
      "resolved": "https://registry.npmjs.org/@types/node/-/node-22.13.4.tgz",
      "integrity": "sha512-ywP2X0DYtX3y08eFVx5fNIw7/uIv8hYUKgXoK8oayJlLnKcRfEYCxWMVE1XagUdVtCJlZT1AU4LXEABW+L1Peg==",
      "dev": true,
      "license": "MIT",
      "dependencies": {
        "undici-types": "~6.20.0"
      }
    },
    "node_modules/undici-types": {
      "version": "6.20.0",
      "resolved": "https://registry.npmjs.org/undici-types/-/undici-types-6.20.0.tgz",
      "integrity": "sha512-Ny6QZ2Nju20vw1SRHe3d9jVu6gJ+4e3+MMpqu7pqE5HT6WsTSlce++GQmK5UXS8mzV8DSYHrQH+Xrf2jVcuKNg==",
      "dev": true,
      "license": "MIT"
    }
  }
}
